
Microsoft Visual Studio Solution File, Format Version 12.00
# Visual Studio Version 16
VisualStudioVersion = 16.0.28803.202
MinimumVisualStudioVersion = 10.0.40219.1
Project("{FAE04EC0-301F-11D3-BF4B-00C04F79EFBC}") = "SdfBox", "SdfBox\SdfBox.csproj", "{CCD4BA2D-29CC-4BA4-A500-D37BE82AA03A}"
EndProject
Project("{8BC9CEB8-8B4A-11D0-8D11-00A0C91BC942}") = "SdfGen", "SdfGen\SdfGen.vcxproj", "{4138F794-BAB1-48C5-A184-78F09EFD625B}"
EndProject
Global
	GlobalSection(SolutionConfigurationPlatforms) = preSolution
		Debug|Any CPU = Debug|Any CPU
		Debug|x64 = Debug|x64
		Debug|x86 = Debug|x86
		Release|Any CPU = Release|Any CPU
		Release|x64 = Release|x64
		Release|x86 = Release|x86
	EndGlobalSection
	GlobalSection(ProjectConfigurationPlatforms) = postSolution
		{CCD4BA2D-29CC-4BA4-A500-D37BE82AA03A}.Debug|Any CPU.ActiveCfg = Debug|Any CPU
		{CCD4BA2D-29CC-4BA4-A500-D37BE82AA03A}.Debug|Any CPU.Build.0 = Debug|Any CPU
		{CCD4BA2D-29CC-4BA4-A500-D37BE82AA03A}.Debug|x64.ActiveCfg = Debug|Any CPU
		{CCD4BA2D-29CC-4BA4-A500-D37BE82AA03A}.Debug|x64.Build.0 = Debug|Any CPU
		{CCD4BA2D-29CC-4BA4-A500-D37BE82AA03A}.Debug|x86.ActiveCfg = Debug|Any CPU
		{CCD4BA2D-29CC-4BA4-A500-D37BE82AA03A}.Debug|x86.Build.0 = Debug|Any CPU
		{CCD4BA2D-29CC-4BA4-A500-D37BE82AA03A}.Release|Any CPU.ActiveCfg = Release|Any CPU
		{CCD4BA2D-29CC-4BA4-A500-D37BE82AA03A}.Release|Any CPU.Build.0 = Release|Any CPU
		{CCD4BA2D-29CC-4BA4-A500-D37BE82AA03A}.Release|x64.ActiveCfg = Release|Any CPU
		{CCD4BA2D-29CC-4BA4-A500-D37BE82AA03A}.Release|x64.Build.0 = Release|Any CPU
		{CCD4BA2D-29CC-4BA4-A500-D37BE82AA03A}.Release|x86.ActiveCfg = Release|Any CPU
		{CCD4BA2D-29CC-4BA4-A500-D37BE82AA03A}.Release|x86.Build.0 = Release|Any CPU
		{4138F794-BAB1-48C5-A184-78F09EFD625B}.Debug|Any CPU.ActiveCfg = Debug|Win32
		{4138F794-BAB1-48C5-A184-78F09EFD625B}.Debug|x64.ActiveCfg = Debug|x64
		{4138F794-BAB1-48C5-A184-78F09EFD625B}.Debug|x64.Build.0 = Debug|x64
		{4138F794-BAB1-48C5-A184-78F09EFD625B}.Debug|x86.ActiveCfg = Debug|Win32
		{4138F794-BAB1-48C5-A184-78F09EFD625B}.Debug|x86.Build.0 = Debug|Win32
		{4138F794-BAB1-48C5-A184-78F09EFD625B}.Release|Any CPU.ActiveCfg = Release|Win32
		{4138F794-BAB1-48C5-A184-78F09EFD625B}.Release|x64.ActiveCfg = Release|x64
		{4138F794-BAB1-48C5-A184-78F09EFD625B}.Release|x64.Build.0 = Release|x64
		{4138F794-BAB1-48C5-A184-78F09EFD625B}.Release|x86.ActiveCfg = Release|Win32
		{4138F794-BAB1-48C5-A184-78F09EFD625B}.Release|x86.Build.0 = Release|Win32
	EndGlobalSection
	GlobalSection(SolutionProperties) = preSolution
		HideSolutionNode = FALSE
	EndGlobalSection
	GlobalSection(ExtensibilityGlobals) = postSolution
		SolutionGuid = {ABCE4409-F8A5-447A-8161-54B6412D3E48}
	EndGlobalSection
EndGlobal
