
Microsoft Visual Studio Solution File, Format Version 12.00
# Visual Studio Version 16
VisualStudioVersion = 16.0.28803.202
MinimumVisualStudioVersion = 10.0.40219.1
Project("{FAE04EC0-301F-11D3-BF4B-00C04F79EFBC}") = "SdfBox", "VeldridTest\SdfBox.csproj", "{CCD4BA2D-29CC-4BA4-A500-D37BE82AA03A}"
EndProject
Project("{FAE04EC0-301F-11D3-BF4B-00C04F79EFBC}") = "Converter", "Converter\Converter.csproj", "{27F45AED-91FA-4034-B9D4-DD4B51866C45}"
EndProject
Project("{9A19103F-16F7-4668-BE54-9A1E7A4F7556}") = "Veldrid", "..\VeldridContext\veldrid-master\src\Veldrid\Veldrid.csproj", "{C905D685-707D-4676-AE2D-E90789DAE769}"
EndProject
Global
	GlobalSection(SolutionConfigurationPlatforms) = preSolution
		Debug|Any CPU = Debug|Any CPU
		Release|Any CPU = Release|Any CPU
	EndGlobalSection
	GlobalSection(ProjectConfigurationPlatforms) = postSolution
		{CCD4BA2D-29CC-4BA4-A500-D37BE82AA03A}.Debug|Any CPU.ActiveCfg = Debug|Any CPU
		{CCD4BA2D-29CC-4BA4-A500-D37BE82AA03A}.Debug|Any CPU.Build.0 = Debug|Any CPU
		{CCD4BA2D-29CC-4BA4-A500-D37BE82AA03A}.Release|Any CPU.ActiveCfg = Release|Any CPU
		{CCD4BA2D-29CC-4BA4-A500-D37BE82AA03A}.Release|Any CPU.Build.0 = Release|Any CPU
		{27F45AED-91FA-4034-B9D4-DD4B51866C45}.Debug|Any CPU.ActiveCfg = Debug|Any CPU
		{27F45AED-91FA-4034-B9D4-DD4B51866C45}.Debug|Any CPU.Build.0 = Debug|Any CPU
		{27F45AED-91FA-4034-B9D4-DD4B51866C45}.Release|Any CPU.ActiveCfg = Release|Any CPU
		{27F45AED-91FA-4034-B9D4-DD4B51866C45}.Release|Any CPU.Build.0 = Release|Any CPU
		{C905D685-707D-4676-AE2D-E90789DAE769}.Debug|Any CPU.ActiveCfg = Debug|Any CPU
		{C905D685-707D-4676-AE2D-E90789DAE769}.Debug|Any CPU.Build.0 = Debug|Any CPU
		{C905D685-707D-4676-AE2D-E90789DAE769}.Release|Any CPU.ActiveCfg = Release|Any CPU
		{C905D685-707D-4676-AE2D-E90789DAE769}.Release|Any CPU.Build.0 = Release|Any CPU
	EndGlobalSection
	GlobalSection(SolutionProperties) = preSolution
		HideSolutionNode = FALSE
	EndGlobalSection
	GlobalSection(ExtensibilityGlobals) = postSolution
		SolutionGuid = {ABCE4409-F8A5-447A-8161-54B6412D3E48}
	EndGlobalSection
EndGlobal
